// !$*UTF8*$!
{
	archiveVersion = 1;
	classes = {
	};
	objectVersion = 51;
	objects = {

/* Begin PBXBuildFile section */
		2A18F71E2346F8C552BBF706 /* Pods_IsItReal_IsItRealUITests.framework in Frameworks */ = {isa = PBXBuildFile; fileRef = D71DACB3514D062EF180F480 /* Pods_IsItReal_IsItRealUITests.framework */; };
		3189E2083CDC84AEA738388F /* Pods_IsItReal.framework in Frameworks */ = {isa = PBXBuildFile; fileRef = 2BF7DEF4CDE9BE57E841993E /* Pods_IsItReal.framework */; };
		766F38DFA02B9A7E22F95CDE /* Pods_IsItRealTests.framework in Frameworks */ = {isa = PBXBuildFile; fileRef = B7602D0C49319B013DD7EA5B /* Pods_IsItRealTests.framework */; };
		81445B1224EDD56300ED7F91 /* CustomCell.swift in Sources */ = {isa = PBXBuildFile; fileRef = 81445B1124EDD56300ED7F91 /* CustomCell.swift */; };
		81445B1424EDDEE100ED7F91 /* ImageAnalyseTests.swift in Sources */ = {isa = PBXBuildFile; fileRef = 81445B1324EDDEE100ED7F91 /* ImageAnalyseTests.swift */; };
		81B1DC2624E4E6D200D755C0 /* TweetDetailsViewModel.swift in Sources */ = {isa = PBXBuildFile; fileRef = 81B1DC2524E4E6D200D755C0 /* TweetDetailsViewModel.swift */; };
		81B1DC2B24E4EAFD00D755C0 /* ListTweetViewModel.swift in Sources */ = {isa = PBXBuildFile; fileRef = 81B1DC2A24E4EAFD00D755C0 /* ListTweetViewModel.swift */; };
		81B1DC2E24E4F36500D755C0 /* TweetRepository.swift in Sources */ = {isa = PBXBuildFile; fileRef = 81B1DC2D24E4F36500D755C0 /* TweetRepository.swift */; };
		81B1DC3124E55EF600D755C0 /* SwifterService.swift in Sources */ = {isa = PBXBuildFile; fileRef = 81B1DC3024E55EF600D755C0 /* SwifterService.swift */; };
		81B1DC3324E56A2300D755C0 /* Repository.swift in Sources */ = {isa = PBXBuildFile; fileRef = 81B1DC3224E56A2300D755C0 /* Repository.swift */; };
		81B1DC3524E56A3600D755C0 /* FileHelper.swift in Sources */ = {isa = PBXBuildFile; fileRef = 81B1DC3424E56A3600D755C0 /* FileHelper.swift */; };
		81B1DC3E24E591A600D755C0 /* APIConstants.swift in Sources */ = {isa = PBXBuildFile; fileRef = 81B1DC3D24E591A600D755C0 /* APIConstants.swift */; };
		81B1DC4124E599D500D755C0 /* MockTweets.json in Resources */ = {isa = PBXBuildFile; fileRef = 81B1DC4024E599D500D755C0 /* MockTweets.json */; };
		81B1DC4524E59B8700D755C0 /* MockRepository.swift in Sources */ = {isa = PBXBuildFile; fileRef = 81B1DC4424E59B8700D755C0 /* MockRepository.swift */; };
		81B7794824E5D9CB007389BD /* UIButton+Designable.swift in Sources */ = {isa = PBXBuildFile; fileRef = 81B7794724E5D9CB007389BD /* UIButton+Designable.swift */; };
		81B7794A24E5DC8A007389BD /* HistoryTableViewCell.xib in Resources */ = {isa = PBXBuildFile; fileRef = 81B7794924E5DC8A007389BD /* HistoryTableViewCell.xib */; };
		81B7794C24E6022D007389BD /* TweetDetailsViewController.swift in Sources */ = {isa = PBXBuildFile; fileRef = 81B7794B24E6022D007389BD /* TweetDetailsViewController.swift */; };
		81B7795024E6B7EB007389BD /* Color.swift in Sources */ = {isa = PBXBuildFile; fileRef = 81B7794F24E6B7EB007389BD /* Color.swift */; };
		81B7795324E6CAE2007389BD /* AppCoordinator.swift in Sources */ = {isa = PBXBuildFile; fileRef = 81B7795224E6CAE2007389BD /* AppCoordinator.swift */; };
		81B7795524E6CB12007389BD /* HistoryListCoordinator.swift in Sources */ = {isa = PBXBuildFile; fileRef = 81B7795424E6CB12007389BD /* HistoryListCoordinator.swift */; };
		81B7795724E6D442007389BD /* ImageReader.swift in Sources */ = {isa = PBXBuildFile; fileRef = 81B7795624E6D442007389BD /* ImageReader.swift */; };
		81B7795924EACA68007389BD /* QueryResult.swift in Sources */ = {isa = PBXBuildFile; fileRef = 81B7795824EACA68007389BD /* QueryResult.swift */; };
		81B7795B24EACFC0007389BD /* Coordinator.swift in Sources */ = {isa = PBXBuildFile; fileRef = 81B7795A24EACFC0007389BD /* Coordinator.swift */; };
		81B7795D24EAD5C0007389BD /* AnalyseTweetCoordinator.swift in Sources */ = {isa = PBXBuildFile; fileRef = 81B7795C24EAD5C0007389BD /* AnalyseTweetCoordinator.swift */; };
		81B7795F24EAD77C007389BD /* UIStoryboard.swift in Sources */ = {isa = PBXBuildFile; fileRef = 81B7795E24EAD77C007389BD /* UIStoryboard.swift */; };
		81B7796124EAE48D007389BD /* TabBarCoordinator.swift in Sources */ = {isa = PBXBuildFile; fileRef = 81B7796024EAE48D007389BD /* TabBarCoordinator.swift */; };
		81B7796E24EB5C36007389BD /* ImagePickerWorker.swift in Sources */ = {isa = PBXBuildFile; fileRef = 81B7796D24EB5C36007389BD /* ImagePickerWorker.swift */; };
		81B7797024EBFCAA007389BD /* AnalysesTweetViewModel.swift in Sources */ = {isa = PBXBuildFile; fileRef = 81B7796F24EBFCAA007389BD /* AnalysesTweetViewModel.swift */; };
		81B7797C24EDB7C1007389BD /* Error.swift in Sources */ = {isa = PBXBuildFile; fileRef = 81B7797B24EDB7C1007389BD /* Error.swift */; };
		81BA9EBC24EEB12800844917 /* TweetDetailsView.swift in Sources */ = {isa = PBXBuildFile; fileRef = 81BA9EBB24EEB12800844917 /* TweetDetailsView.swift */; };
		81BA9EBE24EEC30700844917 /* Details.storyboard in Resources */ = {isa = PBXBuildFile; fileRef = 81BA9EBD24EEC30700844917 /* Details.storyboard */; };
		81BA9EFC24EF430B00844917 /* Onboarding.storyboard in Resources */ = {isa = PBXBuildFile; fileRef = 81BA9EFB24EF430B00844917 /* Onboarding.storyboard */; };
		81BA9EFE24EFF03400844917 /* ProVersion.storyboard in Resources */ = {isa = PBXBuildFile; fileRef = 81BA9EFD24EFF03400844917 /* ProVersion.storyboard */; };
		81BA9F0024F00B3900844917 /* UIView+Loading.swift in Sources */ = {isa = PBXBuildFile; fileRef = 81BA9EFF24F00B3900844917 /* UIView+Loading.swift */; };
		81BA9F0224F010AD00844917 /* UIButton+Loading.swift in Sources */ = {isa = PBXBuildFile; fileRef = 81BA9F0124F010AD00844917 /* UIButton+Loading.swift */; };
		81F63C5324E4758E0080F089 /* AppDelegate.swift in Sources */ = {isa = PBXBuildFile; fileRef = 81F63C5224E4758E0080F089 /* AppDelegate.swift */; };
		81F63C5524E4758E0080F089 /* SceneDelegate.swift in Sources */ = {isa = PBXBuildFile; fileRef = 81F63C5424E4758E0080F089 /* SceneDelegate.swift */; };
		81F63C5A24E4758E0080F089 /* TabBar.storyboard in Resources */ = {isa = PBXBuildFile; fileRef = 81F63C5824E4758E0080F089 /* TabBar.storyboard */; };
		81F63C5C24E475900080F089 /* Assets.xcassets in Resources */ = {isa = PBXBuildFile; fileRef = 81F63C5B24E475900080F089 /* Assets.xcassets */; };
		81F63C5F24E475900080F089 /* LaunchScreen.storyboard in Resources */ = {isa = PBXBuildFile; fileRef = 81F63C5D24E475900080F089 /* LaunchScreen.storyboard */; };
		81F63C6A24E475900080F089 /* IsItRealTests.swift in Sources */ = {isa = PBXBuildFile; fileRef = 81F63C6924E475900080F089 /* IsItRealTests.swift */; };
		81F63C7524E475900080F089 /* IsItRealUITests.swift in Sources */ = {isa = PBXBuildFile; fileRef = 81F63C7424E475900080F089 /* IsItRealUITests.swift */; };
		81F63C8824E4778D0080F089 /* TabBarViewController.swift in Sources */ = {isa = PBXBuildFile; fileRef = 81F63C8724E4778D0080F089 /* TabBarViewController.swift */; };
		81F63C8A24E477C70080F089 /* Analyse.storyboard in Resources */ = {isa = PBXBuildFile; fileRef = 81F63C8924E477C70080F089 /* Analyse.storyboard */; };
		81F63C8C24E477D90080F089 /* History.storyboard in Resources */ = {isa = PBXBuildFile; fileRef = 81F63C8B24E477D90080F089 /* History.storyboard */; };
		81F63C8E24E4795D0080F089 /* HistoryListViewController.swift in Sources */ = {isa = PBXBuildFile; fileRef = 81F63C8D24E4795D0080F089 /* HistoryListViewController.swift */; };
		81F63C9024E479CC0080F089 /* AnalyseTweetViewController.swift in Sources */ = {isa = PBXBuildFile; fileRef = 81F63C8F24E479CC0080F089 /* AnalyseTweetViewController.swift */; };
		81F63C9824E47F6E0080F089 /* Tweet.swift in Sources */ = {isa = PBXBuildFile; fileRef = 81F63C9724E47F6E0080F089 /* Tweet.swift */; };
		81F63C9A24E47F780080F089 /* User.swift in Sources */ = {isa = PBXBuildFile; fileRef = 81F63C9924E47F780080F089 /* User.swift */; };
/* End PBXBuildFile section */

/* Begin PBXContainerItemProxy section */
		81F63C6624E475900080F089 /* PBXContainerItemProxy */ = {
			isa = PBXContainerItemProxy;
			containerPortal = 81F63C4724E4758E0080F089 /* Project object */;
			proxyType = 1;
			remoteGlobalIDString = 81F63C4E24E4758E0080F089;
			remoteInfo = IsItReal;
		};
		81F63C7124E475900080F089 /* PBXContainerItemProxy */ = {
			isa = PBXContainerItemProxy;
			containerPortal = 81F63C4724E4758E0080F089 /* Project object */;
			proxyType = 1;
			remoteGlobalIDString = 81F63C4E24E4758E0080F089;
			remoteInfo = IsItReal;
		};
/* End PBXContainerItemProxy section */

/* Begin PBXFileReference section */
		29F09366C665C454BBED3592 /* Pods-IsItRealTests.debug.xcconfig */ = {isa = PBXFileReference; includeInIndex = 1; lastKnownFileType = text.xcconfig; name = "Pods-IsItRealTests.debug.xcconfig"; path = "Target Support Files/Pods-IsItRealTests/Pods-IsItRealTests.debug.xcconfig"; sourceTree = "<group>"; };
		2BF7DEF4CDE9BE57E841993E /* Pods_IsItReal.framework */ = {isa = PBXFileReference; explicitFileType = wrapper.framework; includeInIndex = 0; path = Pods_IsItReal.framework; sourceTree = BUILT_PRODUCTS_DIR; };
		4D3AADA3022F016124C065E6 /* Pods-IsItRealTests.release.xcconfig */ = {isa = PBXFileReference; includeInIndex = 1; lastKnownFileType = text.xcconfig; name = "Pods-IsItRealTests.release.xcconfig"; path = "Target Support Files/Pods-IsItRealTests/Pods-IsItRealTests.release.xcconfig"; sourceTree = "<group>"; };
		81445B1124EDD56300ED7F91 /* CustomCell.swift */ = {isa = PBXFileReference; lastKnownFileType = sourcecode.swift; path = CustomCell.swift; sourceTree = "<group>"; };
		81445B1324EDDEE100ED7F91 /* ImageAnalyseTests.swift */ = {isa = PBXFileReference; lastKnownFileType = sourcecode.swift; path = ImageAnalyseTests.swift; sourceTree = "<group>"; };
		81B1DC2524E4E6D200D755C0 /* TweetDetailsViewModel.swift */ = {isa = PBXFileReference; lastKnownFileType = sourcecode.swift; path = TweetDetailsViewModel.swift; sourceTree = "<group>"; };
		81B1DC2A24E4EAFD00D755C0 /* ListTweetViewModel.swift */ = {isa = PBXFileReference; lastKnownFileType = sourcecode.swift; path = ListTweetViewModel.swift; sourceTree = "<group>"; };
		81B1DC2D24E4F36500D755C0 /* TweetRepository.swift */ = {isa = PBXFileReference; lastKnownFileType = sourcecode.swift; path = TweetRepository.swift; sourceTree = "<group>"; };
		81B1DC3024E55EF600D755C0 /* SwifterService.swift */ = {isa = PBXFileReference; lastKnownFileType = sourcecode.swift; path = SwifterService.swift; sourceTree = "<group>"; };
		81B1DC3224E56A2300D755C0 /* Repository.swift */ = {isa = PBXFileReference; lastKnownFileType = sourcecode.swift; path = Repository.swift; sourceTree = "<group>"; };
		81B1DC3424E56A3600D755C0 /* FileHelper.swift */ = {isa = PBXFileReference; lastKnownFileType = sourcecode.swift; path = FileHelper.swift; sourceTree = "<group>"; };
		81B1DC3D24E591A600D755C0 /* APIConstants.swift */ = {isa = PBXFileReference; lastKnownFileType = sourcecode.swift; path = APIConstants.swift; sourceTree = "<group>"; };
		81B1DC4024E599D500D755C0 /* MockTweets.json */ = {isa = PBXFileReference; lastKnownFileType = text.json; path = MockTweets.json; sourceTree = "<group>"; };
		81B1DC4424E59B8700D755C0 /* MockRepository.swift */ = {isa = PBXFileReference; lastKnownFileType = sourcecode.swift; path = MockRepository.swift; sourceTree = "<group>"; };
		81B7794724E5D9CB007389BD /* UIButton+Designable.swift */ = {isa = PBXFileReference; lastKnownFileType = sourcecode.swift; path = "UIButton+Designable.swift"; sourceTree = "<group>"; };
		81B7794924E5DC8A007389BD /* HistoryTableViewCell.xib */ = {isa = PBXFileReference; lastKnownFileType = file.xib; path = HistoryTableViewCell.xib; sourceTree = "<group>"; };
		81B7794B24E6022D007389BD /* TweetDetailsViewController.swift */ = {isa = PBXFileReference; lastKnownFileType = sourcecode.swift; path = TweetDetailsViewController.swift; sourceTree = "<group>"; };
		81B7794F24E6B7EB007389BD /* Color.swift */ = {isa = PBXFileReference; lastKnownFileType = sourcecode.swift; path = Color.swift; sourceTree = "<group>"; };
		81B7795224E6CAE2007389BD /* AppCoordinator.swift */ = {isa = PBXFileReference; lastKnownFileType = sourcecode.swift; path = AppCoordinator.swift; sourceTree = "<group>"; };
		81B7795424E6CB12007389BD /* HistoryListCoordinator.swift */ = {isa = PBXFileReference; lastKnownFileType = sourcecode.swift; path = HistoryListCoordinator.swift; sourceTree = "<group>"; };
		81B7795624E6D442007389BD /* ImageReader.swift */ = {isa = PBXFileReference; lastKnownFileType = sourcecode.swift; path = ImageReader.swift; sourceTree = "<group>"; };
		81B7795824EACA68007389BD /* QueryResult.swift */ = {isa = PBXFileReference; lastKnownFileType = sourcecode.swift; path = QueryResult.swift; sourceTree = "<group>"; };
		81B7795A24EACFC0007389BD /* Coordinator.swift */ = {isa = PBXFileReference; lastKnownFileType = sourcecode.swift; path = Coordinator.swift; sourceTree = "<group>"; };
		81B7795C24EAD5C0007389BD /* AnalyseTweetCoordinator.swift */ = {isa = PBXFileReference; lastKnownFileType = sourcecode.swift; path = AnalyseTweetCoordinator.swift; sourceTree = "<group>"; };
		81B7795E24EAD77C007389BD /* UIStoryboard.swift */ = {isa = PBXFileReference; lastKnownFileType = sourcecode.swift; path = UIStoryboard.swift; sourceTree = "<group>"; };
		81B7796024EAE48D007389BD /* TabBarCoordinator.swift */ = {isa = PBXFileReference; lastKnownFileType = sourcecode.swift; path = TabBarCoordinator.swift; sourceTree = "<group>"; };
		81B7796D24EB5C36007389BD /* ImagePickerWorker.swift */ = {isa = PBXFileReference; lastKnownFileType = sourcecode.swift; path = ImagePickerWorker.swift; sourceTree = "<group>"; };
		81B7796F24EBFCAA007389BD /* AnalysesTweetViewModel.swift */ = {isa = PBXFileReference; lastKnownFileType = sourcecode.swift; path = AnalysesTweetViewModel.swift; sourceTree = "<group>"; };
		81B7797B24EDB7C1007389BD /* Error.swift */ = {isa = PBXFileReference; lastKnownFileType = sourcecode.swift; path = Error.swift; sourceTree = "<group>"; };
		81BA9EBB24EEB12800844917 /* TweetDetailsView.swift */ = {isa = PBXFileReference; lastKnownFileType = sourcecode.swift; path = TweetDetailsView.swift; sourceTree = "<group>"; };
		81BA9EBD24EEC30700844917 /* Details.storyboard */ = {isa = PBXFileReference; lastKnownFileType = file.storyboard; path = Details.storyboard; sourceTree = "<group>"; };
		81BA9EFB24EF430B00844917 /* Onboarding.storyboard */ = {isa = PBXFileReference; lastKnownFileType = file.storyboard; path = Onboarding.storyboard; sourceTree = "<group>"; };
		81BA9EFD24EFF03400844917 /* ProVersion.storyboard */ = {isa = PBXFileReference; lastKnownFileType = file.storyboard; path = ProVersion.storyboard; sourceTree = "<group>"; };
		81BA9EFF24F00B3900844917 /* UIView+Loading.swift */ = {isa = PBXFileReference; lastKnownFileType = sourcecode.swift; path = "UIView+Loading.swift"; sourceTree = "<group>"; };
		81BA9F0124F010AD00844917 /* UIButton+Loading.swift */ = {isa = PBXFileReference; lastKnownFileType = sourcecode.swift; path = "UIButton+Loading.swift"; sourceTree = "<group>"; };
		81F63C4F24E4758E0080F089 /* IsItReal.app */ = {isa = PBXFileReference; explicitFileType = wrapper.application; includeInIndex = 0; path = IsItReal.app; sourceTree = BUILT_PRODUCTS_DIR; };
		81F63C5224E4758E0080F089 /* AppDelegate.swift */ = {isa = PBXFileReference; lastKnownFileType = sourcecode.swift; path = AppDelegate.swift; sourceTree = "<group>"; };
		81F63C5424E4758E0080F089 /* SceneDelegate.swift */ = {isa = PBXFileReference; lastKnownFileType = sourcecode.swift; path = SceneDelegate.swift; sourceTree = "<group>"; };
		81F63C5924E4758E0080F089 /* Base */ = {isa = PBXFileReference; lastKnownFileType = file.storyboard; name = Base; path = Base.lproj/TabBar.storyboard; sourceTree = "<group>"; };
		81F63C5B24E475900080F089 /* Assets.xcassets */ = {isa = PBXFileReference; lastKnownFileType = folder.assetcatalog; path = Assets.xcassets; sourceTree = "<group>"; };
		81F63C5E24E475900080F089 /* Base */ = {isa = PBXFileReference; lastKnownFileType = file.storyboard; name = Base; path = Base.lproj/LaunchScreen.storyboard; sourceTree = "<group>"; };
		81F63C6024E475900080F089 /* Info.plist */ = {isa = PBXFileReference; lastKnownFileType = text.plist.xml; path = Info.plist; sourceTree = "<group>"; };
		81F63C6524E475900080F089 /* IsItRealTests.xctest */ = {isa = PBXFileReference; explicitFileType = wrapper.cfbundle; includeInIndex = 0; path = IsItRealTests.xctest; sourceTree = BUILT_PRODUCTS_DIR; };
		81F63C6924E475900080F089 /* IsItRealTests.swift */ = {isa = PBXFileReference; lastKnownFileType = sourcecode.swift; path = IsItRealTests.swift; sourceTree = "<group>"; };
		81F63C6B24E475900080F089 /* Info.plist */ = {isa = PBXFileReference; lastKnownFileType = text.plist.xml; path = Info.plist; sourceTree = "<group>"; };
		81F63C7024E475900080F089 /* IsItRealUITests.xctest */ = {isa = PBXFileReference; explicitFileType = wrapper.cfbundle; includeInIndex = 0; path = IsItRealUITests.xctest; sourceTree = BUILT_PRODUCTS_DIR; };
		81F63C7424E475900080F089 /* IsItRealUITests.swift */ = {isa = PBXFileReference; lastKnownFileType = sourcecode.swift; path = IsItRealUITests.swift; sourceTree = "<group>"; };
		81F63C7624E475900080F089 /* Info.plist */ = {isa = PBXFileReference; lastKnownFileType = text.plist.xml; path = Info.plist; sourceTree = "<group>"; };
		81F63C8724E4778D0080F089 /* TabBarViewController.swift */ = {isa = PBXFileReference; lastKnownFileType = sourcecode.swift; path = TabBarViewController.swift; sourceTree = "<group>"; };
		81F63C8924E477C70080F089 /* Analyse.storyboard */ = {isa = PBXFileReference; lastKnownFileType = file.storyboard; path = Analyse.storyboard; sourceTree = "<group>"; };
		81F63C8B24E477D90080F089 /* History.storyboard */ = {isa = PBXFileReference; lastKnownFileType = file.storyboard; path = History.storyboard; sourceTree = "<group>"; };
		81F63C8D24E4795D0080F089 /* HistoryListViewController.swift */ = {isa = PBXFileReference; lastKnownFileType = sourcecode.swift; path = HistoryListViewController.swift; sourceTree = "<group>"; };
		81F63C8F24E479CC0080F089 /* AnalyseTweetViewController.swift */ = {isa = PBXFileReference; lastKnownFileType = sourcecode.swift; path = AnalyseTweetViewController.swift; sourceTree = "<group>"; };
		81F63C9724E47F6E0080F089 /* Tweet.swift */ = {isa = PBXFileReference; lastKnownFileType = sourcecode.swift; path = Tweet.swift; sourceTree = "<group>"; };
		81F63C9924E47F780080F089 /* User.swift */ = {isa = PBXFileReference; lastKnownFileType = sourcecode.swift; path = User.swift; sourceTree = "<group>"; };
		8507A7FCC4EE27E11F7BBFFF /* Pods-IsItReal.release.xcconfig */ = {isa = PBXFileReference; includeInIndex = 1; lastKnownFileType = text.xcconfig; name = "Pods-IsItReal.release.xcconfig"; path = "Target Support Files/Pods-IsItReal/Pods-IsItReal.release.xcconfig"; sourceTree = "<group>"; };
		8EC12EA1B367A4ECD7B9ADD3 /* Pods-IsItReal.debug.xcconfig */ = {isa = PBXFileReference; includeInIndex = 1; lastKnownFileType = text.xcconfig; name = "Pods-IsItReal.debug.xcconfig"; path = "Target Support Files/Pods-IsItReal/Pods-IsItReal.debug.xcconfig"; sourceTree = "<group>"; };
		A1EEB0C559485E0147BF01CA /* Pods-IsItReal-IsItRealUITests.release.xcconfig */ = {isa = PBXFileReference; includeInIndex = 1; lastKnownFileType = text.xcconfig; name = "Pods-IsItReal-IsItRealUITests.release.xcconfig"; path = "Target Support Files/Pods-IsItReal-IsItRealUITests/Pods-IsItReal-IsItRealUITests.release.xcconfig"; sourceTree = "<group>"; };
		B7602D0C49319B013DD7EA5B /* Pods_IsItRealTests.framework */ = {isa = PBXFileReference; explicitFileType = wrapper.framework; includeInIndex = 0; path = Pods_IsItRealTests.framework; sourceTree = BUILT_PRODUCTS_DIR; };
		C48F5E4D36077B6E70E55A37 /* Pods-IsItReal-IsItRealUITests.debug.xcconfig */ = {isa = PBXFileReference; includeInIndex = 1; lastKnownFileType = text.xcconfig; name = "Pods-IsItReal-IsItRealUITests.debug.xcconfig"; path = "Target Support Files/Pods-IsItReal-IsItRealUITests/Pods-IsItReal-IsItRealUITests.debug.xcconfig"; sourceTree = "<group>"; };
		D71DACB3514D062EF180F480 /* Pods_IsItReal_IsItRealUITests.framework */ = {isa = PBXFileReference; explicitFileType = wrapper.framework; includeInIndex = 0; path = Pods_IsItReal_IsItRealUITests.framework; sourceTree = BUILT_PRODUCTS_DIR; };
/* End PBXFileReference section */

/* Begin PBXFrameworksBuildPhase section */
		81F63C4C24E4758E0080F089 /* Frameworks */ = {
			isa = PBXFrameworksBuildPhase;
			buildActionMask = 2147483647;
			files = (
				3189E2083CDC84AEA738388F /* Pods_IsItReal.framework in Frameworks */,
			);
			runOnlyForDeploymentPostprocessing = 0;
		};
		81F63C6224E475900080F089 /* Frameworks */ = {
			isa = PBXFrameworksBuildPhase;
			buildActionMask = 2147483647;
			files = (
				766F38DFA02B9A7E22F95CDE /* Pods_IsItRealTests.framework in Frameworks */,
			);
			runOnlyForDeploymentPostprocessing = 0;
		};
		81F63C6D24E475900080F089 /* Frameworks */ = {
			isa = PBXFrameworksBuildPhase;
			buildActionMask = 2147483647;
			files = (
				2A18F71E2346F8C552BBF706 /* Pods_IsItReal_IsItRealUITests.framework in Frameworks */,
			);
			runOnlyForDeploymentPostprocessing = 0;
		};
/* End PBXFrameworksBuildPhase section */

/* Begin PBXGroup section */
		680C8EA7071BEDBDFED3702D /* Frameworks */ = {
			isa = PBXGroup;
			children = (
				2BF7DEF4CDE9BE57E841993E /* Pods_IsItReal.framework */,
				D71DACB3514D062EF180F480 /* Pods_IsItReal_IsItRealUITests.framework */,
				B7602D0C49319B013DD7EA5B /* Pods_IsItRealTests.framework */,
			);
			name = Frameworks;
			sourceTree = "<group>";
		};
		81B1DC2C24E4F35300D755C0 /* Repository */ = {
			isa = PBXGroup;
			children = (
				81B1DC3F24E599BB00D755C0 /* Mock */,
				81B1DC2D24E4F36500D755C0 /* TweetRepository.swift */,
				81B1DC3224E56A2300D755C0 /* Repository.swift */,
				81B1DC3424E56A3600D755C0 /* FileHelper.swift */,
			);
			path = Repository;
			sourceTree = "<group>";
		};
		81B1DC2F24E55EE300D755C0 /* Service */ = {
			isa = PBXGroup;
			children = (
				81B7797B24EDB7C1007389BD /* Error.swift */,
				81B1DC3024E55EF600D755C0 /* SwifterService.swift */,
				81B1DC3D24E591A600D755C0 /* APIConstants.swift */,
				81B7795624E6D442007389BD /* ImageReader.swift */,
				81B7796D24EB5C36007389BD /* ImagePickerWorker.swift */,
			);
			path = Service;
			sourceTree = "<group>";
		};
		81B1DC3F24E599BB00D755C0 /* Mock */ = {
			isa = PBXGroup;
			children = (
				81B1DC4024E599D500D755C0 /* MockTweets.json */,
				81B1DC4424E59B8700D755C0 /* MockRepository.swift */,
			);
			path = Mock;
			sourceTree = "<group>";
		};
		81B7794624E5D9B7007389BD /* Extension */ = {
			isa = PBXGroup;
			children = (
				81B7794724E5D9CB007389BD /* UIButton+Designable.swift */,
				81B7794F24E6B7EB007389BD /* Color.swift */,
				81B7795E24EAD77C007389BD /* UIStoryboard.swift */,
				81BA9EFF24F00B3900844917 /* UIView+Loading.swift */,
				81BA9F0124F010AD00844917 /* UIButton+Loading.swift */,
			);
			path = Extension;
			sourceTree = "<group>";
		};
		81B7795124E6CAB9007389BD /* Coordinators */ = {
			isa = PBXGroup;
			children = (
				81B7795224E6CAE2007389BD /* AppCoordinator.swift */,
				81B7795424E6CB12007389BD /* HistoryListCoordinator.swift */,
				81B7795A24EACFC0007389BD /* Coordinator.swift */,
				81B7795C24EAD5C0007389BD /* AnalyseTweetCoordinator.swift */,
				81B7796024EAE48D007389BD /* TabBarCoordinator.swift */,
			);
			path = Coordinators;
			sourceTree = "<group>";
		};
		81B7797824ED9CF5007389BD /* Scenes */ = {
			isa = PBXGroup;
			children = (
				81F63C8324E477310080F089 /* Controller */,
				81F63C8424E4773D0080F089 /* Model */,
				81F63C8524E477410080F089 /* View */,
				81F63C8624E4774B0080F089 /* ViewModel */,
			);
			path = Scenes;
			sourceTree = "<group>";
		};
		81F63C4624E4758E0080F089 = {
			isa = PBXGroup;
			children = (
				81F63C5124E4758E0080F089 /* IsItReal */,
				81F63C6824E475900080F089 /* IsItRealTests */,
				81F63C7324E475900080F089 /* IsItRealUITests */,
				81F63C5024E4758E0080F089 /* Products */,
				9F25FC6B380E46AC614B251F /* Pods */,
				680C8EA7071BEDBDFED3702D /* Frameworks */,
			);
			sourceTree = "<group>";
		};
		81F63C5024E4758E0080F089 /* Products */ = {
			isa = PBXGroup;
			children = (
				81F63C4F24E4758E0080F089 /* IsItReal.app */,
				81F63C6524E475900080F089 /* IsItRealTests.xctest */,
				81F63C7024E475900080F089 /* IsItRealUITests.xctest */,
			);
			name = Products;
			sourceTree = "<group>";
		};
		81F63C5124E4758E0080F089 /* IsItReal */ = {
			isa = PBXGroup;
			children = (
				81B7797824ED9CF5007389BD /* Scenes */,
				81B7795124E6CAB9007389BD /* Coordinators */,
				81B7794624E5D9B7007389BD /* Extension */,
				81B1DC2F24E55EE300D755C0 /* Service */,
				81B1DC2C24E4F35300D755C0 /* Repository */,
				81F63C8224E475D50080F089 /* Settings */,
				81F63C5D24E475900080F089 /* LaunchScreen.storyboard */,
				81F63C6024E475900080F089 /* Info.plist */,
			);
			path = IsItReal;
			sourceTree = "<group>";
		};
		81F63C6824E475900080F089 /* IsItRealTests */ = {
			isa = PBXGroup;
			children = (
				81F63C6924E475900080F089 /* IsItRealTests.swift */,
				81F63C6B24E475900080F089 /* Info.plist */,
				81445B1324EDDEE100ED7F91 /* ImageAnalyseTests.swift */,
			);
			path = IsItRealTests;
			sourceTree = "<group>";
		};
		81F63C7324E475900080F089 /* IsItRealUITests */ = {
			isa = PBXGroup;
			children = (
				81F63C7424E475900080F089 /* IsItRealUITests.swift */,
				81F63C7624E475900080F089 /* Info.plist */,
			);
			path = IsItRealUITests;
			sourceTree = "<group>";
		};
		81F63C8224E475D50080F089 /* Settings */ = {
			isa = PBXGroup;
			children = (
				81F63C5224E4758E0080F089 /* AppDelegate.swift */,
				81F63C5424E4758E0080F089 /* SceneDelegate.swift */,
			);
			path = Settings;
			sourceTree = "<group>";
		};
		81F63C8324E477310080F089 /* Controller */ = {
			isa = PBXGroup;
			children = (
				81F63C8724E4778D0080F089 /* TabBarViewController.swift */,
				81F63C8D24E4795D0080F089 /* HistoryListViewController.swift */,
				81F63C8F24E479CC0080F089 /* AnalyseTweetViewController.swift */,
				81B7794B24E6022D007389BD /* TweetDetailsViewController.swift */,
			);
			path = Controller;
			sourceTree = "<group>";
		};
		81F63C8424E4773D0080F089 /* Model */ = {
			isa = PBXGroup;
			children = (
				81F63C9724E47F6E0080F089 /* Tweet.swift */,
				81F63C9924E47F780080F089 /* User.swift */,
				81B7795824EACA68007389BD /* QueryResult.swift */,
			);
			path = Model;
			sourceTree = "<group>";
		};
		81F63C8524E477410080F089 /* View */ = {
			isa = PBXGroup;
			children = (
				81B7794924E5DC8A007389BD /* HistoryTableViewCell.xib */,
				81F63C5824E4758E0080F089 /* TabBar.storyboard */,
				81F63C8924E477C70080F089 /* Analyse.storyboard */,
				81F63C8B24E477D90080F089 /* History.storyboard */,
				81F63C5B24E475900080F089 /* Assets.xcassets */,
				81445B1124EDD56300ED7F91 /* CustomCell.swift */,
				81BA9EBB24EEB12800844917 /* TweetDetailsView.swift */,
				81BA9EBD24EEC30700844917 /* Details.storyboard */,
				81BA9EFB24EF430B00844917 /* Onboarding.storyboard */,
				81BA9EFD24EFF03400844917 /* ProVersion.storyboard */,
			);
			path = View;
			sourceTree = "<group>";
		};
		81F63C8624E4774B0080F089 /* ViewModel */ = {
			isa = PBXGroup;
			children = (
				81B1DC2524E4E6D200D755C0 /* TweetDetailsViewModel.swift */,
				81B1DC2A24E4EAFD00D755C0 /* ListTweetViewModel.swift */,
				81B7796F24EBFCAA007389BD /* AnalysesTweetViewModel.swift */,
			);
			path = ViewModel;
			sourceTree = "<group>";
		};
		9F25FC6B380E46AC614B251F /* Pods */ = {
			isa = PBXGroup;
			children = (
				8EC12EA1B367A4ECD7B9ADD3 /* Pods-IsItReal.debug.xcconfig */,
				8507A7FCC4EE27E11F7BBFFF /* Pods-IsItReal.release.xcconfig */,
				C48F5E4D36077B6E70E55A37 /* Pods-IsItReal-IsItRealUITests.debug.xcconfig */,
				A1EEB0C559485E0147BF01CA /* Pods-IsItReal-IsItRealUITests.release.xcconfig */,
				29F09366C665C454BBED3592 /* Pods-IsItRealTests.debug.xcconfig */,
				4D3AADA3022F016124C065E6 /* Pods-IsItRealTests.release.xcconfig */,
			);
			path = Pods;
			sourceTree = "<group>";
		};
/* End PBXGroup section */

/* Begin PBXNativeTarget section */
		81F63C4E24E4758E0080F089 /* IsItReal */ = {
			isa = PBXNativeTarget;
			buildConfigurationList = 81F63C7924E475900080F089 /* Build configuration list for PBXNativeTarget "IsItReal" */;
			buildPhases = (
				6E0C6F7D57CF095AD1037525 /* [CP] Check Pods Manifest.lock */,
				81F63C4B24E4758E0080F089 /* Sources */,
				81F63C4C24E4758E0080F089 /* Frameworks */,
				81F63C4D24E4758E0080F089 /* Resources */,
				81F63C9124E47C120080F089 /* ShellScript */,
				71E50AACD0A1DE05629C845C /* [CP] Embed Pods Frameworks */,
			);
			buildRules = (
			);
			dependencies = (
			);
			name = IsItReal;
			productName = IsItReal;
			productReference = 81F63C4F24E4758E0080F089 /* IsItReal.app */;
			productType = "com.apple.product-type.application";
		};
		81F63C6424E475900080F089 /* IsItRealTests */ = {
			isa = PBXNativeTarget;
			buildConfigurationList = 81F63C7C24E475900080F089 /* Build configuration list for PBXNativeTarget "IsItRealTests" */;
			buildPhases = (
				C51256F6CEAEEFDD2A1BE5D0 /* [CP] Check Pods Manifest.lock */,
				81F63C6124E475900080F089 /* Sources */,
				81F63C6224E475900080F089 /* Frameworks */,
				81F63C6324E475900080F089 /* Resources */,
			);
			buildRules = (
			);
			dependencies = (
				81F63C6724E475900080F089 /* PBXTargetDependency */,
			);
			name = IsItRealTests;
			productName = IsItRealTests;
			productReference = 81F63C6524E475900080F089 /* IsItRealTests.xctest */;
			productType = "com.apple.product-type.bundle.unit-test";
		};
		81F63C6F24E475900080F089 /* IsItRealUITests */ = {
			isa = PBXNativeTarget;
			buildConfigurationList = 81F63C7F24E475900080F089 /* Build configuration list for PBXNativeTarget "IsItRealUITests" */;
			buildPhases = (
				8A3A62AD3CBCEF4CDC1EF943 /* [CP] Check Pods Manifest.lock */,
				81F63C6C24E475900080F089 /* Sources */,
				81F63C6D24E475900080F089 /* Frameworks */,
				81F63C6E24E475900080F089 /* Resources */,
				DCFE52C4F858374863BFB868 /* [CP] Embed Pods Frameworks */,
			);
			buildRules = (
			);
			dependencies = (
				81F63C7224E475900080F089 /* PBXTargetDependency */,
			);
			name = IsItRealUITests;
			productName = IsItRealUITests;
			productReference = 81F63C7024E475900080F089 /* IsItRealUITests.xctest */;
			productType = "com.apple.product-type.bundle.ui-testing";
		};
/* End PBXNativeTarget section */

/* Begin PBXProject section */
		81F63C4724E4758E0080F089 /* Project object */ = {
			isa = PBXProject;
			attributes = {
				LastSwiftUpdateCheck = 1160;
				LastUpgradeCheck = 1160;
				ORGANIZATIONNAME = "Vinicius Mesquita";
				TargetAttributes = {
					81F63C4E24E4758E0080F089 = {
						CreatedOnToolsVersion = 11.6;
					};
					81F63C6424E475900080F089 = {
						CreatedOnToolsVersion = 11.6;
						TestTargetID = 81F63C4E24E4758E0080F089;
					};
					81F63C6F24E475900080F089 = {
						CreatedOnToolsVersion = 11.6;
						TestTargetID = 81F63C4E24E4758E0080F089;
					};
				};
			};
			buildConfigurationList = 81F63C4A24E4758E0080F089 /* Build configuration list for PBXProject "IsItReal" */;
			compatibilityVersion = "Xcode 9.3";
			developmentRegion = en;
			hasScannedForEncodings = 0;
			knownRegions = (
				en,
				Base,
			);
			mainGroup = 81F63C4624E4758E0080F089;
			productRefGroup = 81F63C5024E4758E0080F089 /* Products */;
			projectDirPath = "";
			projectRoot = "";
			targets = (
				81F63C4E24E4758E0080F089 /* IsItReal */,
				81F63C6424E475900080F089 /* IsItRealTests */,
				81F63C6F24E475900080F089 /* IsItRealUITests */,
			);
		};
/* End PBXProject section */

/* Begin PBXResourcesBuildPhase section */
		81F63C4D24E4758E0080F089 /* Resources */ = {
			isa = PBXResourcesBuildPhase;
			buildActionMask = 2147483647;
			files = (
				81F63C5F24E475900080F089 /* LaunchScreen.storyboard in Resources */,
				81F63C5C24E475900080F089 /* Assets.xcassets in Resources */,
				81F63C8A24E477C70080F089 /* Analyse.storyboard in Resources */,
				81B1DC4124E599D500D755C0 /* MockTweets.json in Resources */,
				81F63C8C24E477D90080F089 /* History.storyboard in Resources */,
				81B7794A24E5DC8A007389BD /* HistoryTableViewCell.xib in Resources */,
				81BA9EFC24EF430B00844917 /* Onboarding.storyboard in Resources */,
				81BA9EFE24EFF03400844917 /* ProVersion.storyboard in Resources */,
				81F63C5A24E4758E0080F089 /* TabBar.storyboard in Resources */,
				81BA9EBE24EEC30700844917 /* Details.storyboard in Resources */,
			);
			runOnlyForDeploymentPostprocessing = 0;
		};
		81F63C6324E475900080F089 /* Resources */ = {
			isa = PBXResourcesBuildPhase;
			buildActionMask = 2147483647;
			files = (
			);
			runOnlyForDeploymentPostprocessing = 0;
		};
		81F63C6E24E475900080F089 /* Resources */ = {
			isa = PBXResourcesBuildPhase;
			buildActionMask = 2147483647;
			files = (
			);
			runOnlyForDeploymentPostprocessing = 0;
		};
/* End PBXResourcesBuildPhase section */

/* Begin PBXShellScriptBuildPhase section */
		6E0C6F7D57CF095AD1037525 /* [CP] Check Pods Manifest.lock */ = {
			isa = PBXShellScriptBuildPhase;
			buildActionMask = 2147483647;
			files = (
			);
			inputFileListPaths = (
			);
			inputPaths = (
				"${PODS_PODFILE_DIR_PATH}/Podfile.lock",
				"${PODS_ROOT}/Manifest.lock",
			);
			name = "[CP] Check Pods Manifest.lock";
			outputFileListPaths = (
			);
			outputPaths = (
				"$(DERIVED_FILE_DIR)/Pods-IsItReal-checkManifestLockResult.txt",
			);
			runOnlyForDeploymentPostprocessing = 0;
			shellPath = /bin/sh;
			shellScript = "diff \"${PODS_PODFILE_DIR_PATH}/Podfile.lock\" \"${PODS_ROOT}/Manifest.lock\" > /dev/null\nif [ $? != 0 ] ; then\n    # print error to STDERR\n    echo \"error: The sandbox is not in sync with the Podfile.lock. Run 'pod install' or update your CocoaPods installation.\" >&2\n    exit 1\nfi\n# This output is used by Xcode 'outputs' to avoid re-running this script phase.\necho \"SUCCESS\" > \"${SCRIPT_OUTPUT_FILE_0}\"\n";
			showEnvVarsInLog = 0;
		};
		71E50AACD0A1DE05629C845C /* [CP] Embed Pods Frameworks */ = {
			isa = PBXShellScriptBuildPhase;
			buildActionMask = 2147483647;
			files = (
			);
			inputFileListPaths = (
				"${PODS_ROOT}/Target Support Files/Pods-IsItReal/Pods-IsItReal-frameworks-${CONFIGURATION}-input-files.xcfilelist",
			);
			name = "[CP] Embed Pods Frameworks";
			outputFileListPaths = (
				"${PODS_ROOT}/Target Support Files/Pods-IsItReal/Pods-IsItReal-frameworks-${CONFIGURATION}-output-files.xcfilelist",
			);
			runOnlyForDeploymentPostprocessing = 0;
			shellPath = /bin/sh;
			shellScript = "\"${PODS_ROOT}/Target Support Files/Pods-IsItReal/Pods-IsItReal-frameworks.sh\"\n";
			showEnvVarsInLog = 0;
		};
		81F63C9124E47C120080F089 /* ShellScript */ = {
			isa = PBXShellScriptBuildPhase;
			buildActionMask = 2147483647;
			files = (
			);
			inputFileListPaths = (
			);
			inputPaths = (
			);
			outputFileListPaths = (
			);
			outputPaths = (
			);
			runOnlyForDeploymentPostprocessing = 0;
			shellPath = /bin/sh;
			shellScript = "if which swiftlint >/dev/null; then\n  swiftlint\nelse\n  echo \"warning: SwiftLint not installed, download from https://github.com/realm/SwiftLint\"\nfi\n";
		};
		8A3A62AD3CBCEF4CDC1EF943 /* [CP] Check Pods Manifest.lock */ = {
			isa = PBXShellScriptBuildPhase;
			buildActionMask = 2147483647;
			files = (
			);
			inputFileListPaths = (
			);
			inputPaths = (
				"${PODS_PODFILE_DIR_PATH}/Podfile.lock",
				"${PODS_ROOT}/Manifest.lock",
			);
			name = "[CP] Check Pods Manifest.lock";
			outputFileListPaths = (
			);
			outputPaths = (
				"$(DERIVED_FILE_DIR)/Pods-IsItReal-IsItRealUITests-checkManifestLockResult.txt",
			);
			runOnlyForDeploymentPostprocessing = 0;
			shellPath = /bin/sh;
			shellScript = "diff \"${PODS_PODFILE_DIR_PATH}/Podfile.lock\" \"${PODS_ROOT}/Manifest.lock\" > /dev/null\nif [ $? != 0 ] ; then\n    # print error to STDERR\n    echo \"error: The sandbox is not in sync with the Podfile.lock. Run 'pod install' or update your CocoaPods installation.\" >&2\n    exit 1\nfi\n# This output is used by Xcode 'outputs' to avoid re-running this script phase.\necho \"SUCCESS\" > \"${SCRIPT_OUTPUT_FILE_0}\"\n";
			showEnvVarsInLog = 0;
		};
		C51256F6CEAEEFDD2A1BE5D0 /* [CP] Check Pods Manifest.lock */ = {
			isa = PBXShellScriptBuildPhase;
			buildActionMask = 2147483647;
			files = (
			);
			inputFileListPaths = (
			);
			inputPaths = (
				"${PODS_PODFILE_DIR_PATH}/Podfile.lock",
				"${PODS_ROOT}/Manifest.lock",
			);
			name = "[CP] Check Pods Manifest.lock";
			outputFileListPaths = (
			);
			outputPaths = (
				"$(DERIVED_FILE_DIR)/Pods-IsItRealTests-checkManifestLockResult.txt",
			);
			runOnlyForDeploymentPostprocessing = 0;
			shellPath = /bin/sh;
			shellScript = "diff \"${PODS_PODFILE_DIR_PATH}/Podfile.lock\" \"${PODS_ROOT}/Manifest.lock\" > /dev/null\nif [ $? != 0 ] ; then\n    # print error to STDERR\n    echo \"error: The sandbox is not in sync with the Podfile.lock. Run 'pod install' or update your CocoaPods installation.\" >&2\n    exit 1\nfi\n# This output is used by Xcode 'outputs' to avoid re-running this script phase.\necho \"SUCCESS\" > \"${SCRIPT_OUTPUT_FILE_0}\"\n";
			showEnvVarsInLog = 0;
		};
		DCFE52C4F858374863BFB868 /* [CP] Embed Pods Frameworks */ = {
			isa = PBXShellScriptBuildPhase;
			buildActionMask = 2147483647;
			files = (
			);
			inputFileListPaths = (
				"${PODS_ROOT}/Target Support Files/Pods-IsItReal-IsItRealUITests/Pods-IsItReal-IsItRealUITests-frameworks-${CONFIGURATION}-input-files.xcfilelist",
			);
			name = "[CP] Embed Pods Frameworks";
			outputFileListPaths = (
				"${PODS_ROOT}/Target Support Files/Pods-IsItReal-IsItRealUITests/Pods-IsItReal-IsItRealUITests-frameworks-${CONFIGURATION}-output-files.xcfilelist",
			);
			runOnlyForDeploymentPostprocessing = 0;
			shellPath = /bin/sh;
			shellScript = "\"${PODS_ROOT}/Target Support Files/Pods-IsItReal-IsItRealUITests/Pods-IsItReal-IsItRealUITests-frameworks.sh\"\n";
			showEnvVarsInLog = 0;
		};
/* End PBXShellScriptBuildPhase section */

/* Begin PBXSourcesBuildPhase section */
		81F63C4B24E4758E0080F089 /* Sources */ = {
			isa = PBXSourcesBuildPhase;
			buildActionMask = 2147483647;
			files = (
				81B1DC2B24E4EAFD00D755C0 /* ListTweetViewModel.swift in Sources */,
				81F63C9024E479CC0080F089 /* AnalyseTweetViewController.swift in Sources */,
				81B7795524E6CB12007389BD /* HistoryListCoordinator.swift in Sources */,
				81B1DC2624E4E6D200D755C0 /* TweetDetailsViewModel.swift in Sources */,
				81445B1224EDD56300ED7F91 /* CustomCell.swift in Sources */,
				81B7795724E6D442007389BD /* ImageReader.swift in Sources */,
				81B7796124EAE48D007389BD /* TabBarCoordinator.swift in Sources */,
				81B7795924EACA68007389BD /* QueryResult.swift in Sources */,
				81B1DC2E24E4F36500D755C0 /* TweetRepository.swift in Sources */,
				81B7794C24E6022D007389BD /* TweetDetailsViewController.swift in Sources */,
				81B7795B24EACFC0007389BD /* Coordinator.swift in Sources */,
				81B1DC3124E55EF600D755C0 /* SwifterService.swift in Sources */,
				81F63C8824E4778D0080F089 /* TabBarViewController.swift in Sources */,
				81F63C5324E4758E0080F089 /* AppDelegate.swift in Sources */,
				81B7795F24EAD77C007389BD /* UIStoryboard.swift in Sources */,
				81B7797024EBFCAA007389BD /* AnalysesTweetViewModel.swift in Sources */,
				81F63C9824E47F6E0080F089 /* Tweet.swift in Sources */,
				81BA9F0024F00B3900844917 /* UIView+Loading.swift in Sources */,
				81B1DC4524E59B8700D755C0 /* MockRepository.swift in Sources */,
				81F63C9A24E47F780080F089 /* User.swift in Sources */,
				81B7795024E6B7EB007389BD /* Color.swift in Sources */,
				81B7795D24EAD5C0007389BD /* AnalyseTweetCoordinator.swift in Sources */,
				81BA9F0224F010AD00844917 /* UIButton+Loading.swift in Sources */,
				81B7795324E6CAE2007389BD /* AppCoordinator.swift in Sources */,
				81B7796E24EB5C36007389BD /* ImagePickerWorker.swift in Sources */,
				81F63C5524E4758E0080F089 /* SceneDelegate.swift in Sources */,
				81B1DC3E24E591A600D755C0 /* APIConstants.swift in Sources */,
				81B1DC3524E56A3600D755C0 /* FileHelper.swift in Sources */,
				81F63C8E24E4795D0080F089 /* HistoryListViewController.swift in Sources */,
				81BA9EBC24EEB12800844917 /* TweetDetailsView.swift in Sources */,
				81B1DC3324E56A2300D755C0 /* Repository.swift in Sources */,
				81B7797C24EDB7C1007389BD /* Error.swift in Sources */,
				81B7794824E5D9CB007389BD /* UIButton+Designable.swift in Sources */,
			);
			runOnlyForDeploymentPostprocessing = 0;
		};
		81F63C6124E475900080F089 /* Sources */ = {
			isa = PBXSourcesBuildPhase;
			buildActionMask = 2147483647;
			files = (
				81F63C6A24E475900080F089 /* IsItRealTests.swift in Sources */,
				81445B1424EDDEE100ED7F91 /* ImageAnalyseTests.swift in Sources */,
			);
			runOnlyForDeploymentPostprocessing = 0;
		};
		81F63C6C24E475900080F089 /* Sources */ = {
			isa = PBXSourcesBuildPhase;
			buildActionMask = 2147483647;
			files = (
				81F63C7524E475900080F089 /* IsItRealUITests.swift in Sources */,
			);
			runOnlyForDeploymentPostprocessing = 0;
		};
/* End PBXSourcesBuildPhase section */

/* Begin PBXTargetDependency section */
		81F63C6724E475900080F089 /* PBXTargetDependency */ = {
			isa = PBXTargetDependency;
			target = 81F63C4E24E4758E0080F089 /* IsItReal */;
			targetProxy = 81F63C6624E475900080F089 /* PBXContainerItemProxy */;
		};
		81F63C7224E475900080F089 /* PBXTargetDependency */ = {
			isa = PBXTargetDependency;
			target = 81F63C4E24E4758E0080F089 /* IsItReal */;
			targetProxy = 81F63C7124E475900080F089 /* PBXContainerItemProxy */;
		};
/* End PBXTargetDependency section */

/* Begin PBXVariantGroup section */
		81F63C5824E4758E0080F089 /* TabBar.storyboard */ = {
			isa = PBXVariantGroup;
			children = (
				81F63C5924E4758E0080F089 /* Base */,
			);
			name = TabBar.storyboard;
			sourceTree = "<group>";
		};
		81F63C5D24E475900080F089 /* LaunchScreen.storyboard */ = {
			isa = PBXVariantGroup;
			children = (
				81F63C5E24E475900080F089 /* Base */,
			);
			name = LaunchScreen.storyboard;
			sourceTree = "<group>";
		};
/* End PBXVariantGroup section */

/* Begin XCBuildConfiguration section */
		81F63C7724E475900080F089 /* Debug */ = {
			isa = XCBuildConfiguration;
			buildSettings = {
				ALWAYS_SEARCH_USER_PATHS = NO;
				CLANG_ANALYZER_NONNULL = YES;
				CLANG_ANALYZER_NUMBER_OBJECT_CONVERSION = YES_AGGRESSIVE;
				CLANG_CXX_LANGUAGE_STANDARD = "gnu++14";
				CLANG_CXX_LIBRARY = "libc++";
				CLANG_ENABLE_MODULES = YES;
				CLANG_ENABLE_OBJC_ARC = YES;
				CLANG_ENABLE_OBJC_WEAK = YES;
				CLANG_WARN_BLOCK_CAPTURE_AUTORELEASING = YES;
				CLANG_WARN_BOOL_CONVERSION = YES;
				CLANG_WARN_COMMA = YES;
				CLANG_WARN_CONSTANT_CONVERSION = YES;
				CLANG_WARN_DEPRECATED_OBJC_IMPLEMENTATIONS = YES;
				CLANG_WARN_DIRECT_OBJC_ISA_USAGE = YES_ERROR;
				CLANG_WARN_DOCUMENTATION_COMMENTS = YES;
				CLANG_WARN_EMPTY_BODY = YES;
				CLANG_WARN_ENUM_CONVERSION = YES;
				CLANG_WARN_INFINITE_RECURSION = YES;
				CLANG_WARN_INT_CONVERSION = YES;
				CLANG_WARN_NON_LITERAL_NULL_CONVERSION = YES;
				CLANG_WARN_OBJC_IMPLICIT_RETAIN_SELF = YES;
				CLANG_WARN_OBJC_LITERAL_CONVERSION = YES;
				CLANG_WARN_OBJC_ROOT_CLASS = YES_ERROR;
				CLANG_WARN_RANGE_LOOP_ANALYSIS = YES;
				CLANG_WARN_STRICT_PROTOTYPES = YES;
				CLANG_WARN_SUSPICIOUS_MOVE = YES;
				CLANG_WARN_UNGUARDED_AVAILABILITY = YES_AGGRESSIVE;
				CLANG_WARN_UNREACHABLE_CODE = YES;
				CLANG_WARN__DUPLICATE_METHOD_MATCH = YES;
				COPY_PHASE_STRIP = NO;
				DEBUG_INFORMATION_FORMAT = dwarf;
				ENABLE_STRICT_OBJC_MSGSEND = YES;
				ENABLE_TESTABILITY = YES;
				GCC_C_LANGUAGE_STANDARD = gnu11;
				GCC_DYNAMIC_NO_PIC = NO;
				GCC_NO_COMMON_BLOCKS = YES;
				GCC_OPTIMIZATION_LEVEL = 0;
				GCC_PREPROCESSOR_DEFINITIONS = (
					"DEBUG=1",
					"$(inherited)",
				);
				GCC_WARN_64_TO_32_BIT_CONVERSION = YES;
				GCC_WARN_ABOUT_RETURN_TYPE = YES_ERROR;
				GCC_WARN_UNDECLARED_SELECTOR = YES;
				GCC_WARN_UNINITIALIZED_AUTOS = YES_AGGRESSIVE;
				GCC_WARN_UNUSED_FUNCTION = YES;
				GCC_WARN_UNUSED_VARIABLE = YES;
				IPHONEOS_DEPLOYMENT_TARGET = 13.6;
				MTL_ENABLE_DEBUG_INFO = INCLUDE_SOURCE;
				MTL_FAST_MATH = YES;
				ONLY_ACTIVE_ARCH = YES;
				SDKROOT = iphoneos;
				SWIFT_ACTIVE_COMPILATION_CONDITIONS = DEBUG;
				SWIFT_OPTIMIZATION_LEVEL = "-Onone";
			};
			name = Debug;
		};
		81F63C7824E475900080F089 /* Release */ = {
			isa = XCBuildConfiguration;
			buildSettings = {
				ALWAYS_SEARCH_USER_PATHS = NO;
				CLANG_ANALYZER_NONNULL = YES;
				CLANG_ANALYZER_NUMBER_OBJECT_CONVERSION = YES_AGGRESSIVE;
				CLANG_CXX_LANGUAGE_STANDARD = "gnu++14";
				CLANG_CXX_LIBRARY = "libc++";
				CLANG_ENABLE_MODULES = YES;
				CLANG_ENABLE_OBJC_ARC = YES;
				CLANG_ENABLE_OBJC_WEAK = YES;
				CLANG_WARN_BLOCK_CAPTURE_AUTORELEASING = YES;
				CLANG_WARN_BOOL_CONVERSION = YES;
				CLANG_WARN_COMMA = YES;
				CLANG_WARN_CONSTANT_CONVERSION = YES;
				CLANG_WARN_DEPRECATED_OBJC_IMPLEMENTATIONS = YES;
				CLANG_WARN_DIRECT_OBJC_ISA_USAGE = YES_ERROR;
				CLANG_WARN_DOCUMENTATION_COMMENTS = YES;
				CLANG_WARN_EMPTY_BODY = YES;
				CLANG_WARN_ENUM_CONVERSION = YES;
				CLANG_WARN_INFINITE_RECURSION = YES;
				CLANG_WARN_INT_CONVERSION = YES;
				CLANG_WARN_NON_LITERAL_NULL_CONVERSION = YES;
				CLANG_WARN_OBJC_IMPLICIT_RETAIN_SELF = YES;
				CLANG_WARN_OBJC_LITERAL_CONVERSION = YES;
				CLANG_WARN_OBJC_ROOT_CLASS = YES_ERROR;
				CLANG_WARN_RANGE_LOOP_ANALYSIS = YES;
				CLANG_WARN_STRICT_PROTOTYPES = YES;
				CLANG_WARN_SUSPICIOUS_MOVE = YES;
				CLANG_WARN_UNGUARDED_AVAILABILITY = YES_AGGRESSIVE;
				CLANG_WARN_UNREACHABLE_CODE = YES;
				CLANG_WARN__DUPLICATE_METHOD_MATCH = YES;
				COPY_PHASE_STRIP = NO;
				DEBUG_INFORMATION_FORMAT = "dwarf-with-dsym";
				ENABLE_NS_ASSERTIONS = NO;
				ENABLE_STRICT_OBJC_MSGSEND = YES;
				GCC_C_LANGUAGE_STANDARD = gnu11;
				GCC_NO_COMMON_BLOCKS = YES;
				GCC_WARN_64_TO_32_BIT_CONVERSION = YES;
				GCC_WARN_ABOUT_RETURN_TYPE = YES_ERROR;
				GCC_WARN_UNDECLARED_SELECTOR = YES;
				GCC_WARN_UNINITIALIZED_AUTOS = YES_AGGRESSIVE;
				GCC_WARN_UNUSED_FUNCTION = YES;
				GCC_WARN_UNUSED_VARIABLE = YES;
				IPHONEOS_DEPLOYMENT_TARGET = 13.6;
				MTL_ENABLE_DEBUG_INFO = NO;
				MTL_FAST_MATH = YES;
				SDKROOT = iphoneos;
				SWIFT_COMPILATION_MODE = wholemodule;
				SWIFT_OPTIMIZATION_LEVEL = "-O";
				VALIDATE_PRODUCT = YES;
			};
			name = Release;
		};
		81F63C7A24E475900080F089 /* Debug */ = {
			isa = XCBuildConfiguration;
			baseConfigurationReference = 8EC12EA1B367A4ECD7B9ADD3 /* Pods-IsItReal.debug.xcconfig */;
			buildSettings = {
				ASSETCATALOG_COMPILER_APPICON_NAME = AppIcon;
				CODE_SIGN_STYLE = Automatic;
				INFOPLIST_FILE = IsItReal/Info.plist;
				LD_RUNPATH_SEARCH_PATHS = (
					"$(inherited)",
					"@executable_path/Frameworks",
				);
				PRODUCT_BUNDLE_IDENTIFIER = viniciusmesquita.IsItReal;
				PRODUCT_NAME = "$(TARGET_NAME)";
				SWIFT_VERSION = 5.0;
				TARGETED_DEVICE_FAMILY = "1,2";
			};
			name = Debug;
		};
		81F63C7B24E475900080F089 /* Release */ = {
			isa = XCBuildConfiguration;
			baseConfigurationReference = 8507A7FCC4EE27E11F7BBFFF /* Pods-IsItReal.release.xcconfig */;
			buildSettings = {
				ASSETCATALOG_COMPILER_APPICON_NAME = AppIcon;
				CODE_SIGN_STYLE = Automatic;
				INFOPLIST_FILE = IsItReal/Info.plist;
				LD_RUNPATH_SEARCH_PATHS = (
					"$(inherited)",
					"@executable_path/Frameworks",
				);
				PRODUCT_BUNDLE_IDENTIFIER = viniciusmesquita.IsItReal;
				PRODUCT_NAME = "$(TARGET_NAME)";
				SWIFT_VERSION = 5.0;
				TARGETED_DEVICE_FAMILY = "1,2";
			};
			name = Release;
		};
		81F63C7D24E475900080F089 /* Debug */ = {
			isa = XCBuildConfiguration;
			baseConfigurationReference = 29F09366C665C454BBED3592 /* Pods-IsItRealTests.debug.xcconfig */;
			buildSettings = {
				ALWAYS_EMBED_SWIFT_STANDARD_LIBRARIES = YES;
				BUNDLE_LOADER = "$(TEST_HOST)";
				CODE_SIGN_STYLE = Automatic;
				INFOPLIST_FILE = IsItRealTests/Info.plist;
				IPHONEOS_DEPLOYMENT_TARGET = 13.6;
				LD_RUNPATH_SEARCH_PATHS = (
					"$(inherited)",
					"@executable_path/Frameworks",
					"@loader_path/Frameworks",
				);
				PRODUCT_BUNDLE_IDENTIFIER = viniciusmesquita.IsItRealTests;
				PRODUCT_NAME = "$(TARGET_NAME)";
				SWIFT_VERSION = 5.0;
				TARGETED_DEVICE_FAMILY = "1,2";
				TEST_HOST = "$(BUILT_PRODUCTS_DIR)/IsItReal.app/IsItReal";
			};
			name = Debug;
		};
		81F63C7E24E475900080F089 /* Release */ = {
			isa = XCBuildConfiguration;
			baseConfigurationReference = 4D3AADA3022F016124C065E6 /* Pods-IsItRealTests.release.xcconfig */;
			buildSettings = {
				ALWAYS_EMBED_SWIFT_STANDARD_LIBRARIES = YES;
				BUNDLE_LOADER = "$(TEST_HOST)";
				CODE_SIGN_STYLE = Automatic;
				INFOPLIST_FILE = IsItRealTests/Info.plist;
				IPHONEOS_DEPLOYMENT_TARGET = 13.6;
				LD_RUNPATH_SEARCH_PATHS = (
					"$(inherited)",
					"@executable_path/Frameworks",
					"@loader_path/Frameworks",
				);
				PRODUCT_BUNDLE_IDENTIFIER = viniciusmesquita.IsItRealTests;
				PRODUCT_NAME = "$(TARGET_NAME)";
				SWIFT_VERSION = 5.0;
				TARGETED_DEVICE_FAMILY = "1,2";
				TEST_HOST = "$(BUILT_PRODUCTS_DIR)/IsItReal.app/IsItReal";
			};
			name = Release;
		};
		81F63C8024E475900080F089 /* Debug */ = {
			isa = XCBuildConfiguration;
			baseConfigurationReference = C48F5E4D36077B6E70E55A37 /* Pods-IsItReal-IsItRealUITests.debug.xcconfig */;
			buildSettings = {
				ALWAYS_EMBED_SWIFT_STANDARD_LIBRARIES = YES;
				CODE_SIGN_STYLE = Automatic;
				INFOPLIST_FILE = IsItRealUITests/Info.plist;
				LD_RUNPATH_SEARCH_PATHS = (
					"$(inherited)",
					"@executable_path/Frameworks",
					"@loader_path/Frameworks",
				);
				PRODUCT_BUNDLE_IDENTIFIER = viniciusmesquita.IsItRealUITests;
				PRODUCT_NAME = "$(TARGET_NAME)";
				SWIFT_VERSION = 5.0;
				TARGETED_DEVICE_FAMILY = "1,2";
				TEST_TARGET_NAME = IsItReal;
			};
			name = Debug;
		};
		81F63C8124E475900080F089 /* Release */ = {
			isa = XCBuildConfiguration;
			baseConfigurationReference = A1EEB0C559485E0147BF01CA /* Pods-IsItReal-IsItRealUITests.release.xcconfig */;
			buildSettings = {
				ALWAYS_EMBED_SWIFT_STANDARD_LIBRARIES = YES;
				CODE_SIGN_STYLE = Automatic;
				INFOPLIST_FILE = IsItRealUITests/Info.plist;
				LD_RUNPATH_SEARCH_PATHS = (
					"$(inherited)",
					"@executable_path/Frameworks",
					"@loader_path/Frameworks",
				);
				PRODUCT_BUNDLE_IDENTIFIER = viniciusmesquita.IsItRealUITests;
				PRODUCT_NAME = "$(TARGET_NAME)";
				SWIFT_VERSION = 5.0;
				TARGETED_DEVICE_FAMILY = "1,2";
				TEST_TARGET_NAME = IsItReal;
			};
			name = Release;
		};
/* End XCBuildConfiguration section */

/* Begin XCConfigurationList section */
		81F63C4A24E4758E0080F089 /* Build configuration list for PBXProject "IsItReal" */ = {
			isa = XCConfigurationList;
			buildConfigurations = (
				81F63C7724E475900080F089 /* Debug */,
				81F63C7824E475900080F089 /* Release */,
			);
			defaultConfigurationIsVisible = 0;
			defaultConfigurationName = Release;
		};
		81F63C7924E475900080F089 /* Build configuration list for PBXNativeTarget "IsItReal" */ = {
			isa = XCConfigurationList;
			buildConfigurations = (
				81F63C7A24E475900080F089 /* Debug */,
				81F63C7B24E475900080F089 /* Release */,
			);
			defaultConfigurationIsVisible = 0;
			defaultConfigurationName = Release;
		};
		81F63C7C24E475900080F089 /* Build configuration list for PBXNativeTarget "IsItRealTests" */ = {
			isa = XCConfigurationList;
			buildConfigurations = (
				81F63C7D24E475900080F089 /* Debug */,
				81F63C7E24E475900080F089 /* Release */,
			);
			defaultConfigurationIsVisible = 0;
			defaultConfigurationName = Release;
		};
		81F63C7F24E475900080F089 /* Build configuration list for PBXNativeTarget "IsItRealUITests" */ = {
			isa = XCConfigurationList;
			buildConfigurations = (
				81F63C8024E475900080F089 /* Debug */,
				81F63C8124E475900080F089 /* Release */,
			);
			defaultConfigurationIsVisible = 0;
			defaultConfigurationName = Release;
		};
/* End XCConfigurationList section */
	};
	rootObject = 81F63C4724E4758E0080F089 /* Project object */;
}
